
Microsoft Visual Studio Solution File, Format Version 12.00
# Visual Studio Version 17
VisualStudioVersion = 17.8.34511.84
MinimumVisualStudioVersion = 10.0.40219.1
Project("{FAE04EC0-301F-11D3-BF4B-00C04F79EFBC}") = "prakt25", "prakt25\prakt25.csproj", "{1D041F24-F535-455C-822E-86D59511C9AD}"
EndProject
Project("{FAE04EC0-301F-11D3-BF4B-00C04F79EFBC}") = "TodoList.Domain", "TodoList.Domain\TodoList.Domain.csproj", "{B5A34FB4-B63E-4514-8794-A51EC2E531AC}"
EndProject
Global
	GlobalSection(SolutionConfigurationPlatforms) = preSolution
		Debug|Any CPU = Debug|Any CPU
		Release|Any CPU = Release|Any CPU
	EndGlobalSection
	GlobalSection(ProjectConfigurationPlatforms) = postSolution
		{1D041F24-F535-455C-822E-86D59511C9AD}.Debug|Any CPU.ActiveCfg = Debug|Any CPU
		{1D041F24-F535-455C-822E-86D59511C9AD}.Debug|Any CPU.Build.0 = Debug|Any CPU
		{1D041F24-F535-455C-822E-86D59511C9AD}.Release|Any CPU.ActiveCfg = Release|Any CPU
		{1D041F24-F535-455C-822E-86D59511C9AD}.Release|Any CPU.Build.0 = Release|Any CPU
		{B5A34FB4-B63E-4514-8794-A51EC2E531AC}.Debug|Any CPU.ActiveCfg = Debug|Any CPU
		{B5A34FB4-B63E-4514-8794-A51EC2E531AC}.Debug|Any CPU.Build.0 = Debug|Any CPU
		{B5A34FB4-B63E-4514-8794-A51EC2E531AC}.Release|Any CPU.ActiveCfg = Release|Any CPU
		{B5A34FB4-B63E-4514-8794-A51EC2E531AC}.Release|Any CPU.Build.0 = Release|Any CPU
	EndGlobalSection
	GlobalSection(SolutionProperties) = preSolution
		HideSolutionNode = FALSE
	EndGlobalSection
	GlobalSection(ExtensibilityGlobals) = postSolution
		SolutionGuid = {F8391CDD-1646-48A4-B878-00EBA8575A88}
	EndGlobalSection
EndGlobal
